<?xml version="1.0" encoding="UTF-8"?>
<!DOCTYPE plist PUBLIC "-//Apple//DTD PLIST 1.0//EN" "http://www.apple.com/DTDs/PropertyList-1.0.dtd">
<plist version="1.0">
<dict>
	<key>archiveVersion</key>
	<string>1</string>
	<key>classes</key>
	<dict/>
	<key>objectVersion</key>
	<string>46</string>
	<key>objects</key>
	<dict>
		<key>1EA8D20269C84FA5B7E895B8</key>
		<dict>
			<key>fileRef</key>
			<string>FC7E4A281DF74922B6388530</string>
			<key>isa</key>
			<string>PBXBuildFile</string>
		</dict>
		<key>44FD6BC2E5194D27B86DDE7B</key>
		<dict>
			<key>buildActionMask</key>
			<string>2147483647</string>
			<key>files</key>
			<array/>
			<key>inputPaths</key>
			<array/>
			<key>isa</key>
			<string>PBXShellScriptBuildPhase</string>
			<key>name</key>
			<string>Copy Pods Resources</string>
			<key>outputPaths</key>
			<array/>
			<key>runOnlyForDeploymentPostprocessing</key>
			<string>0</string>
			<key>shellPath</key>
			<string>/bin/sh</string>
			<key>shellScript</key>
			<string>"${SRCROOT}/Pods/Pods-resources.sh"
</string>
			<key>showEnvVarsInLog</key>
			<string>0</string>
		</dict>
		<key>4EB649552CCE497292E4A08C</key>
		<dict>
			<key>buildActionMask</key>
			<string>2147483647</string>
			<key>files</key>
			<array/>
			<key>inputPaths</key>
			<array/>
			<key>isa</key>
			<string>PBXShellScriptBuildPhase</string>
			<key>name</key>
			<string>Check Pods Manifest.lock</string>
			<key>outputPaths</key>
			<array/>
			<key>runOnlyForDeploymentPostprocessing</key>
			<string>0</string>
			<key>shellPath</key>
			<string>/bin/sh</string>
			<key>shellScript</key>
			<string>diff "${PODS_ROOT}/../Podfile.lock" "${PODS_ROOT}/Manifest.lock" &gt; /dev/null
if [[ $? != 0 ]] ; then
    cat &lt;&lt; EOM
error: The sandbox is not in sync with the Podfile.lock. Run 'pod install' or update your CocoaPods installation.
EOM
    exit 1
fi
</string>
			<key>showEnvVarsInLog</key>
			<string>0</string>
		</dict>
		<key>76482EE419AB4FB18129CA48</key>
		<dict>
			<key>includeInIndex</key>
			<string>1</string>
			<key>isa</key>
			<string>PBXFileReference</string>
			<key>lastKnownFileType</key>
			<string>text.xcconfig</string>
			<key>name</key>
			<string>Pods.xcconfig</string>
			<key>path</key>
			<string>Pods/Pods.xcconfig</string>
			<key>sourceTree</key>
			<string>&lt;group&gt;</string>
		</dict>
		<key>EC5DCCA619A9A0D30069D64C</key>
		<dict>
			<key>children</key>
			<array>
				<string>EC5DCCB819A9A0D30069D64C</string>
				<string>EC5DCCD719A9A0D30069D64C</string>
				<string>EC5DCCB119A9A0D30069D64C</string>
				<string>EC5DCCB019A9A0D30069D64C</string>
				<string>76482EE419AB4FB18129CA48</string>
			</array>
			<key>isa</key>
			<string>PBXGroup</string>
			<key>sourceTree</key>
			<string>&lt;group&gt;</string>
		</dict>
		<key>EC5DCCA719A9A0D30069D64C</key>
		<dict>
			<key>attributes</key>
			<dict>
				<key>LastUpgradeCheck</key>
				<string>0510</string>
				<key>ORGANIZATIONNAME</key>
				<string>AlienJun</string>
				<key>TargetAttributes</key>
				<dict>
					<key>EC5DCCCF19A9A0D30069D64C</key>
					<dict>
						<key>TestTargetID</key>
						<string>EC5DCCAE19A9A0D30069D64C</string>
					</dict>
				</dict>
			</dict>
			<key>buildConfigurationList</key>
			<string>EC5DCCAA19A9A0D30069D64C</string>
			<key>compatibilityVersion</key>
			<string>Xcode 3.2</string>
			<key>developmentRegion</key>
			<string>English</string>
			<key>hasScannedForEncodings</key>
			<string>0</string>
			<key>isa</key>
			<string>PBXProject</string>
			<key>knownRegions</key>
			<array>
				<string>en</string>
				<string>Base</string>
			</array>
			<key>mainGroup</key>
			<string>EC5DCCA619A9A0D30069D64C</string>
			<key>productRefGroup</key>
			<string>EC5DCCB019A9A0D30069D64C</string>
			<key>projectDirPath</key>
			<string></string>
			<key>projectReferences</key>
			<array/>
			<key>projectRoot</key>
			<string></string>
			<key>targets</key>
			<array>
				<string>EC5DCCAE19A9A0D30069D64C</string>
				<string>EC5DCCCF19A9A0D30069D64C</string>
			</array>
		</dict>
		<key>EC5DCCAA19A9A0D30069D64C</key>
		<dict>
			<key>buildConfigurations</key>
			<array>
				<string>EC5DCCDF19A9A0D30069D64C</string>
				<string>EC5DCCE019A9A0D30069D64C</string>
			</array>
			<key>defaultConfigurationIsVisible</key>
			<string>0</string>
			<key>defaultConfigurationName</key>
			<string>Release</string>
			<key>isa</key>
			<string>XCConfigurationList</string>
		</dict>
		<key>EC5DCCAB19A9A0D30069D64C</key>
		<dict>
			<key>buildActionMask</key>
			<string>2147483647</string>
			<key>files</key>
			<array>
				<string>EC5DCCF319A9A0E80069D64C</string>
				<string>EC5DCCF119A9A0E80069D64C</string>
				<string>EC5DCCF419A9A0E80069D64C</string>
				<string>EC5DCCF219A9A0E80069D64C</string>
				<string>EC5DCCC919A9A0D30069D64C</string>
				<string>EC5DCCC319A9A0D30069D64C</string>
				<string>EC5DCCBF19A9A0D30069D64C</string>
			</array>
			<key>isa</key>
			<string>PBXSourcesBuildPhase</string>
			<key>runOnlyForDeploymentPostprocessing</key>
			<string>0</string>
		</dict>
		<key>EC5DCCAC19A9A0D30069D64C</key>
		<dict>
			<key>buildActionMask</key>
			<string>2147483647</string>
			<key>files</key>
			<array>
				<string>EC5DCCB519A9A0D30069D64C</string>
				<string>EC5DCCB719A9A0D30069D64C</string>
				<string>EC5DCCB319A9A0D30069D64C</string>
				<string>1EA8D20269C84FA5B7E895B8</string>
			</array>
			<key>isa</key>
			<string>PBXFrameworksBuildPhase</string>
			<key>runOnlyForDeploymentPostprocessing</key>
			<string>0</string>
		</dict>
		<key>EC5DCCAD19A9A0D30069D64C</key>
		<dict>
			<key>buildActionMask</key>
			<string>2147483647</string>
			<key>files</key>
			<array>
				<string>EC5DCCCB19A9A0D30069D64C</string>
				<string>EC5DCCBD19A9A0D30069D64C</string>
				<string>EC5DCCC619A9A0D30069D64C</string>
			</array>
			<key>isa</key>
			<string>PBXResourcesBuildPhase</string>
			<key>runOnlyForDeploymentPostprocessing</key>
			<string>0</string>
		</dict>
		<key>EC5DCCAE19A9A0D30069D64C</key>
		<dict>
			<key>buildConfigurationList</key>
			<string>EC5DCCE119A9A0D30069D64C</string>
			<key>buildPhases</key>
			<array>
				<string>4EB649552CCE497292E4A08C</string>
				<string>EC5DCCAB19A9A0D30069D64C</string>
				<string>EC5DCCAC19A9A0D30069D64C</string>
				<string>EC5DCCAD19A9A0D30069D64C</string>
				<string>44FD6BC2E5194D27B86DDE7B</string>
			</array>
			<key>buildRules</key>
			<array/>
			<key>dependencies</key>
			<array/>
			<key>isa</key>
			<string>PBXNativeTarget</string>
			<key>name</key>
			<string>MyCacheTest</string>
			<key>productName</key>
			<string>MyCacheTest</string>
			<key>productReference</key>
			<string>EC5DCCAF19A9A0D30069D64C</string>
			<key>productType</key>
			<string>com.apple.product-type.application</string>
		</dict>
		<key>EC5DCCAF19A9A0D30069D64C</key>
		<dict>
			<key>explicitFileType</key>
			<string>wrapper.application</string>
			<key>includeInIndex</key>
			<string>0</string>
			<key>isa</key>
			<string>PBXFileReference</string>
			<key>path</key>
			<string>MyCacheTest.app</string>
			<key>sourceTree</key>
			<string>BUILT_PRODUCTS_DIR</string>
		</dict>
		<key>EC5DCCB019A9A0D30069D64C</key>
		<dict>
			<key>children</key>
			<array>
				<string>EC5DCCAF19A9A0D30069D64C</string>
				<string>EC5DCCD019A9A0D30069D64C</string>
			</array>
			<key>isa</key>
			<string>PBXGroup</string>
			<key>name</key>
			<string>Products</string>
			<key>sourceTree</key>
			<string>&lt;group&gt;</string>
		</dict>
		<key>EC5DCCB119A9A0D30069D64C</key>
		<dict>
			<key>children</key>
			<array>
				<string>EC5DCCB219A9A0D30069D64C</string>
				<string>EC5DCCB419A9A0D30069D64C</string>
				<string>EC5DCCB619A9A0D30069D64C</string>
				<string>EC5DCCD119A9A0D30069D64C</string>
				<string>FC7E4A281DF74922B6388530</string>
			</array>
			<key>isa</key>
			<string>PBXGroup</string>
			<key>name</key>
			<string>Frameworks</string>
			<key>sourceTree</key>
			<string>&lt;group&gt;</string>
		</dict>
		<key>EC5DCCB219A9A0D30069D64C</key>
		<dict>
			<key>isa</key>
			<string>PBXFileReference</string>
			<key>lastKnownFileType</key>
			<string>wrapper.framework</string>
			<key>name</key>
			<string>Foundation.framework</string>
			<key>path</key>
			<string>System/Library/Frameworks/Foundation.framework</string>
			<key>sourceTree</key>
			<string>SDKROOT</string>
		</dict>
		<key>EC5DCCB319A9A0D30069D64C</key>
		<dict>
			<key>fileRef</key>
			<string>EC5DCCB219A9A0D30069D64C</string>
			<key>isa</key>
			<string>PBXBuildFile</string>
		</dict>
		<key>EC5DCCB419A9A0D30069D64C</key>
		<dict>
			<key>isa</key>
			<string>PBXFileReference</string>
			<key>lastKnownFileType</key>
			<string>wrapper.framework</string>
			<key>name</key>
			<string>CoreGraphics.framework</string>
			<key>path</key>
			<string>System/Library/Frameworks/CoreGraphics.framework</string>
			<key>sourceTree</key>
			<string>SDKROOT</string>
		</dict>
		<key>EC5DCCB519A9A0D30069D64C</key>
		<dict>
			<key>fileRef</key>
			<string>EC5DCCB419A9A0D30069D64C</string>
			<key>isa</key>
			<string>PBXBuildFile</string>
		</dict>
		<key>EC5DCCB619A9A0D30069D64C</key>
		<dict>
			<key>isa</key>
			<string>PBXFileReference</string>
			<key>lastKnownFileType</key>
			<string>wrapper.framework</string>
			<key>name</key>
			<string>UIKit.framework</string>
			<key>path</key>
			<string>System/Library/Frameworks/UIKit.framework</string>
			<key>sourceTree</key>
			<string>SDKROOT</string>
		</dict>
		<key>EC5DCCB719A9A0D30069D64C</key>
		<dict>
			<key>fileRef</key>
			<string>EC5DCCB619A9A0D30069D64C</string>
			<key>isa</key>
			<string>PBXBuildFile</string>
		</dict>
		<key>EC5DCCB819A9A0D30069D64C</key>
		<dict>
			<key>children</key>
			<array>
				<string>EC5DCCE719A9A0E80069D64C</string>
				<string>EC5DCCEC19A9A0E80069D64C</string>
				<string>EC5DCCC119A9A0D30069D64C</string>
				<string>EC5DCCC219A9A0D30069D64C</string>
				<string>EC5DCCC419A9A0D30069D64C</string>
				<string>EC5DCCC719A9A0D30069D64C</string>
				<string>EC5DCCC819A9A0D30069D64C</string>
				<string>EC5DCCCA19A9A0D30069D64C</string>
				<string>EC5DCCB919A9A0D30069D64C</string>
			</array>
			<key>isa</key>
			<string>PBXGroup</string>
			<key>path</key>
			<string>MyCacheTest</string>
			<key>sourceTree</key>
			<string>&lt;group&gt;</string>
		</dict>
		<key>EC5DCCB919A9A0D30069D64C</key>
		<dict>
			<key>children</key>
			<array>
				<string>EC5DCCBA19A9A0D30069D64C</string>
				<string>EC5DCCBB19A9A0D30069D64C</string>
				<string>EC5DCCBE19A9A0D30069D64C</string>
				<string>EC5DCCC019A9A0D30069D64C</string>
			</array>
			<key>isa</key>
			<string>PBXGroup</string>
			<key>name</key>
			<string>Supporting Files</string>
			<key>sourceTree</key>
			<string>&lt;group&gt;</string>
		</dict>
		<key>EC5DCCBA19A9A0D30069D64C</key>
		<dict>
			<key>isa</key>
			<string>PBXFileReference</string>
			<key>lastKnownFileType</key>
			<string>text.plist.xml</string>
			<key>path</key>
			<string>MyCacheTest-Info.plist</string>
			<key>sourceTree</key>
			<string>&lt;group&gt;</string>
		</dict>
		<key>EC5DCCBB19A9A0D30069D64C</key>
		<dict>
			<key>children</key>
			<array>
				<string>EC5DCCBC19A9A0D30069D64C</string>
			</array>
			<key>isa</key>
			<string>PBXVariantGroup</string>
			<key>name</key>
			<string>InfoPlist.strings</string>
			<key>sourceTree</key>
			<string>&lt;group&gt;</string>
		</dict>
		<key>EC5DCCBC19A9A0D30069D64C</key>
		<dict>
			<key>isa</key>
			<string>PBXFileReference</string>
			<key>lastKnownFileType</key>
			<string>text.plist.strings</string>
			<key>name</key>
			<string>en</string>
			<key>path</key>
			<string>en.lproj/InfoPlist.strings</string>
			<key>sourceTree</key>
			<string>&lt;group&gt;</string>
		</dict>
		<key>EC5DCCBD19A9A0D30069D64C</key>
		<dict>
			<key>fileRef</key>
			<string>EC5DCCBB19A9A0D30069D64C</string>
			<key>isa</key>
			<string>PBXBuildFile</string>
		</dict>
		<key>EC5DCCBE19A9A0D30069D64C</key>
		<dict>
			<key>isa</key>
			<string>PBXFileReference</string>
			<key>lastKnownFileType</key>
			<string>sourcecode.c.objc</string>
			<key>path</key>
			<string>main.m</string>
			<key>sourceTree</key>
			<string>&lt;group&gt;</string>
		</dict>
		<key>EC5DCCBF19A9A0D30069D64C</key>
		<dict>
			<key>fileRef</key>
			<string>EC5DCCBE19A9A0D30069D64C</string>
			<key>isa</key>
			<string>PBXBuildFile</string>
		</dict>
		<key>EC5DCCC019A9A0D30069D64C</key>
		<dict>
			<key>isa</key>
			<string>PBXFileReference</string>
			<key>lastKnownFileType</key>
			<string>sourcecode.c.h</string>
			<key>path</key>
			<string>MyCacheTest-Prefix.pch</string>
			<key>sourceTree</key>
			<string>&lt;group&gt;</string>
		</dict>
		<key>EC5DCCC119A9A0D30069D64C</key>
		<dict>
			<key>isa</key>
			<string>PBXFileReference</string>
			<key>lastKnownFileType</key>
			<string>sourcecode.c.h</string>
			<key>path</key>
			<string>AppDelegate.h</string>
			<key>sourceTree</key>
			<string>&lt;group&gt;</string>
		</dict>
		<key>EC5DCCC219A9A0D30069D64C</key>
		<dict>
			<key>isa</key>
			<string>PBXFileReference</string>
			<key>lastKnownFileType</key>
			<string>sourcecode.c.objc</string>
			<key>path</key>
			<string>AppDelegate.m</string>
			<key>sourceTree</key>
			<string>&lt;group&gt;</string>
		</dict>
		<key>EC5DCCC319A9A0D30069D64C</key>
		<dict>
			<key>fileRef</key>
			<string>EC5DCCC219A9A0D30069D64C</string>
			<key>isa</key>
			<string>PBXBuildFile</string>
		</dict>
		<key>EC5DCCC419A9A0D30069D64C</key>
		<dict>
			<key>children</key>
			<array>
				<string>EC5DCCC519A9A0D30069D64C</string>
			</array>
			<key>isa</key>
			<string>PBXVariantGroup</string>
			<key>name</key>
			<string>Main.storyboard</string>
			<key>sourceTree</key>
			<string>&lt;group&gt;</string>
		</dict>
		<key>EC5DCCC519A9A0D30069D64C</key>
		<dict>
			<key>isa</key>
			<string>PBXFileReference</string>
			<key>lastKnownFileType</key>
			<string>file.storyboard</string>
			<key>name</key>
			<string>Base</string>
			<key>path</key>
			<string>Base.lproj/Main.storyboard</string>
			<key>sourceTree</key>
			<string>&lt;group&gt;</string>
		</dict>
		<key>EC5DCCC619A9A0D30069D64C</key>
		<dict>
			<key>fileRef</key>
			<string>EC5DCCC419A9A0D30069D64C</string>
			<key>isa</key>
			<string>PBXBuildFile</string>
		</dict>
		<key>EC5DCCC719A9A0D30069D64C</key>
		<dict>
			<key>isa</key>
			<string>PBXFileReference</string>
			<key>lastKnownFileType</key>
			<string>sourcecode.c.h</string>
			<key>path</key>
			<string>ViewController.h</string>
			<key>sourceTree</key>
			<string>&lt;group&gt;</string>
		</dict>
		<key>EC5DCCC819A9A0D30069D64C</key>
		<dict>
			<key>isa</key>
			<string>PBXFileReference</string>
			<key>lastKnownFileType</key>
			<string>sourcecode.c.objc</string>
			<key>path</key>
			<string>ViewController.m</string>
			<key>sourceTree</key>
			<string>&lt;group&gt;</string>
		</dict>
		<key>EC5DCCC919A9A0D30069D64C</key>
		<dict>
			<key>fileRef</key>
			<string>EC5DCCC819A9A0D30069D64C</string>
			<key>isa</key>
			<string>PBXBuildFile</string>
		</dict>
		<key>EC5DCCCA19A9A0D30069D64C</key>
		<dict>
			<key>isa</key>
			<string>PBXFileReference</string>
			<key>lastKnownFileType</key>
			<string>folder.assetcatalog</string>
			<key>path</key>
			<string>Images.xcassets</string>
			<key>sourceTree</key>
			<string>&lt;group&gt;</string>
		</dict>
		<key>EC5DCCCB19A9A0D30069D64C</key>
		<dict>
			<key>fileRef</key>
			<string>EC5DCCCA19A9A0D30069D64C</string>
			<key>isa</key>
			<string>PBXBuildFile</string>
		</dict>
		<key>EC5DCCCC19A9A0D30069D64C</key>
		<dict>
			<key>buildActionMask</key>
			<string>2147483647</string>
			<key>files</key>
			<array>
				<string>EC5DCCDE19A9A0D30069D64C</string>
			</array>
			<key>isa</key>
			<string>PBXSourcesBuildPhase</string>
			<key>runOnlyForDeploymentPostprocessing</key>
			<string>0</string>
		</dict>
		<key>EC5DCCCD19A9A0D30069D64C</key>
		<dict>
			<key>buildActionMask</key>
			<string>2147483647</string>
			<key>files</key>
			<array>
				<string>EC5DCCD219A9A0D30069D64C</string>
				<string>EC5DCCD419A9A0D30069D64C</string>
				<string>EC5DCCD319A9A0D30069D64C</string>
			</array>
			<key>isa</key>
			<string>PBXFrameworksBuildPhase</string>
			<key>runOnlyForDeploymentPostprocessing</key>
			<string>0</string>
		</dict>
		<key>EC5DCCCE19A9A0D30069D64C</key>
		<dict>
			<key>buildActionMask</key>
			<string>2147483647</string>
			<key>files</key>
			<array>
				<string>EC5DCCDC19A9A0D30069D64C</string>
			</array>
			<key>isa</key>
			<string>PBXResourcesBuildPhase</string>
			<key>runOnlyForDeploymentPostprocessing</key>
			<string>0</string>
		</dict>
		<key>EC5DCCCF19A9A0D30069D64C</key>
		<dict>
			<key>buildConfigurationList</key>
			<string>EC5DCCE419A9A0D30069D64C</string>
			<key>buildPhases</key>
			<array>
				<string>EC5DCCCC19A9A0D30069D64C</string>
				<string>EC5DCCCD19A9A0D30069D64C</string>
				<string>EC5DCCCE19A9A0D30069D64C</string>
			</array>
			<key>buildRules</key>
			<array/>
			<key>dependencies</key>
			<array>
				<string>EC5DCCD619A9A0D30069D64C</string>
			</array>
			<key>isa</key>
			<string>PBXNativeTarget</string>
			<key>name</key>
			<string>MyCacheTestTests</string>
			<key>productName</key>
			<string>MyCacheTestTests</string>
			<key>productReference</key>
			<string>EC5DCCD019A9A0D30069D64C</string>
			<key>productType</key>
			<string>com.apple.product-type.bundle.unit-test</string>
		</dict>
		<key>EC5DCCD019A9A0D30069D64C</key>
		<dict>
			<key>explicitFileType</key>
			<string>wrapper.cfbundle</string>
			<key>includeInIndex</key>
			<string>0</string>
			<key>isa</key>
			<string>PBXFileReference</string>
			<key>path</key>
			<string>MyCacheTestTests.xctest</string>
			<key>sourceTree</key>
			<string>BUILT_PRODUCTS_DIR</string>
		</dict>
		<key>EC5DCCD119A9A0D30069D64C</key>
		<dict>
			<key>isa</key>
			<string>PBXFileReference</string>
			<key>lastKnownFileType</key>
			<string>wrapper.framework</string>
			<key>name</key>
			<string>XCTest.framework</string>
			<key>path</key>
			<string>Library/Frameworks/XCTest.framework</string>
			<key>sourceTree</key>
			<string>DEVELOPER_DIR</string>
		</dict>
		<key>EC5DCCD219A9A0D30069D64C</key>
		<dict>
			<key>fileRef</key>
			<string>EC5DCCD119A9A0D30069D64C</string>
			<key>isa</key>
			<string>PBXBuildFile</string>
		</dict>
		<key>EC5DCCD319A9A0D30069D64C</key>
		<dict>
			<key>fileRef</key>
			<string>EC5DCCB219A9A0D30069D64C</string>
			<key>isa</key>
			<string>PBXBuildFile</string>
		</dict>
		<key>EC5DCCD419A9A0D30069D64C</key>
		<dict>
			<key>fileRef</key>
			<string>EC5DCCB619A9A0D30069D64C</string>
			<key>isa</key>
			<string>PBXBuildFile</string>
		</dict>
		<key>EC5DCCD519A9A0D30069D64C</key>
		<dict>
			<key>containerPortal</key>
			<string>EC5DCCA719A9A0D30069D64C</string>
			<key>isa</key>
			<string>PBXContainerItemProxy</string>
			<key>proxyType</key>
			<string>1</string>
			<key>remoteGlobalIDString</key>
			<string>EC5DCCAE19A9A0D30069D64C</string>
			<key>remoteInfo</key>
			<string>MyCacheTest</string>
		</dict>
		<key>EC5DCCD619A9A0D30069D64C</key>
		<dict>
			<key>isa</key>
			<string>PBXTargetDependency</string>
			<key>target</key>
			<string>EC5DCCAE19A9A0D30069D64C</string>
			<key>targetProxy</key>
			<string>EC5DCCD519A9A0D30069D64C</string>
		</dict>
		<key>EC5DCCD719A9A0D30069D64C</key>
		<dict>
			<key>children</key>
			<array>
				<string>EC5DCCDD19A9A0D30069D64C</string>
				<string>EC5DCCD819A9A0D30069D64C</string>
			</array>
			<key>isa</key>
			<string>PBXGroup</string>
			<key>path</key>
			<string>MyCacheTestTests</string>
			<key>sourceTree</key>
			<string>&lt;group&gt;</string>
		</dict>
		<key>EC5DCCD819A9A0D30069D64C</key>
		<dict>
			<key>children</key>
			<array>
				<string>EC5DCCD919A9A0D30069D64C</string>
				<string>EC5DCCDA19A9A0D30069D64C</string>
			</array>
			<key>isa</key>
			<string>PBXGroup</string>
			<key>name</key>
			<string>Supporting Files</string>
			<key>sourceTree</key>
			<string>&lt;group&gt;</string>
		</dict>
		<key>EC5DCCD919A9A0D30069D64C</key>
		<dict>
			<key>isa</key>
			<string>PBXFileReference</string>
			<key>lastKnownFileType</key>
			<string>text.plist.xml</string>
			<key>path</key>
			<string>MyCacheTestTests-Info.plist</string>
			<key>sourceTree</key>
			<string>&lt;group&gt;</string>
		</dict>
		<key>EC5DCCDA19A9A0D30069D64C</key>
		<dict>
			<key>children</key>
			<array>
				<string>EC5DCCDB19A9A0D30069D64C</string>
			</array>
			<key>isa</key>
			<string>PBXVariantGroup</string>
			<key>name</key>
			<string>InfoPlist.strings</string>
			<key>sourceTree</key>
			<string>&lt;group&gt;</string>
		</dict>
		<key>EC5DCCDB19A9A0D30069D64C</key>
		<dict>
			<key>isa</key>
			<string>PBXFileReference</string>
			<key>lastKnownFileType</key>
			<string>text.plist.strings</string>
			<key>name</key>
			<string>en</string>
			<key>path</key>
			<string>en.lproj/InfoPlist.strings</string>
			<key>sourceTree</key>
			<string>&lt;group&gt;</string>
		</dict>
		<key>EC5DCCDC19A9A0D30069D64C</key>
		<dict>
			<key>fileRef</key>
			<string>EC5DCCDA19A9A0D30069D64C</string>
			<key>isa</key>
			<string>PBXBuildFile</string>
		</dict>
		<key>EC5DCCDD19A9A0D30069D64C</key>
		<dict>
			<key>isa</key>
			<string>PBXFileReference</string>
			<key>lastKnownFileType</key>
			<string>sourcecode.c.objc</string>
			<key>path</key>
			<string>MyCacheTestTests.m</string>
			<key>sourceTree</key>
			<string>&lt;group&gt;</string>
		</dict>
		<key>EC5DCCDE19A9A0D30069D64C</key>
		<dict>
			<key>fileRef</key>
			<string>EC5DCCDD19A9A0D30069D64C</string>
			<key>isa</key>
			<string>PBXBuildFile</string>
		</dict>
		<key>EC5DCCDF19A9A0D30069D64C</key>
		<dict>
			<key>buildSettings</key>
			<dict>
				<key>ALWAYS_SEARCH_USER_PATHS</key>
				<string>NO</string>
				<key>CLANG_CXX_LANGUAGE_STANDARD</key>
				<string>gnu++0x</string>
				<key>CLANG_CXX_LIBRARY</key>
				<string>libc++</string>
				<key>CLANG_ENABLE_MODULES</key>
				<string>YES</string>
				<key>CLANG_ENABLE_OBJC_ARC</key>
				<string>YES</string>
				<key>CLANG_WARN_BOOL_CONVERSION</key>
				<string>YES</string>
				<key>CLANG_WARN_CONSTANT_CONVERSION</key>
				<string>YES</string>
				<key>CLANG_WARN_DIRECT_OBJC_ISA_USAGE</key>
				<string>YES_ERROR</string>
				<key>CLANG_WARN_EMPTY_BODY</key>
				<string>YES</string>
				<key>CLANG_WARN_ENUM_CONVERSION</key>
				<string>YES</string>
				<key>CLANG_WARN_INT_CONVERSION</key>
				<string>YES</string>
				<key>CLANG_WARN_OBJC_ROOT_CLASS</key>
				<string>YES_ERROR</string>
				<key>CLANG_WARN__DUPLICATE_METHOD_MATCH</key>
				<string>YES</string>
				<key>CODE_SIGN_IDENTITY[sdk=iphoneos*]</key>
				<string>iPhone Developer</string>
				<key>COPY_PHASE_STRIP</key>
				<string>NO</string>
				<key>GCC_C_LANGUAGE_STANDARD</key>
				<string>gnu99</string>
				<key>GCC_DYNAMIC_NO_PIC</key>
				<string>NO</string>
				<key>GCC_OPTIMIZATION_LEVEL</key>
				<string>0</string>
				<key>GCC_PREPROCESSOR_DEFINITIONS</key>
				<array>
					<string>DEBUG=1</string>
					<string>$(inherited)</string>
				</array>
				<key>GCC_SYMBOLS_PRIVATE_EXTERN</key>
				<string>NO</string>
				<key>GCC_WARN_64_TO_32_BIT_CONVERSION</key>
				<string>YES</string>
				<key>GCC_WARN_ABOUT_RETURN_TYPE</key>
				<string>YES_ERROR</string>
				<key>GCC_WARN_UNDECLARED_SELECTOR</key>
				<string>YES</string>
				<key>GCC_WARN_UNINITIALIZED_AUTOS</key>
				<string>YES_AGGRESSIVE</string>
				<key>GCC_WARN_UNUSED_FUNCTION</key>
				<string>YES</string>
				<key>GCC_WARN_UNUSED_VARIABLE</key>
				<string>YES</string>
				<key>IPHONEOS_DEPLOYMENT_TARGET</key>
				<string>7.1</string>
				<key>ONLY_ACTIVE_ARCH</key>
				<string>YES</string>
				<key>SDKROOT</key>
				<string>iphoneos</string>
			</dict>
			<key>isa</key>
			<string>XCBuildConfiguration</string>
			<key>name</key>
			<string>Debug</string>
		</dict>
		<key>EC5DCCE019A9A0D30069D64C</key>
		<dict>
			<key>buildSettings</key>
			<dict>
				<key>ALWAYS_SEARCH_USER_PATHS</key>
				<string>NO</string>
				<key>CLANG_CXX_LANGUAGE_STANDARD</key>
				<string>gnu++0x</string>
				<key>CLANG_CXX_LIBRARY</key>
				<string>libc++</string>
				<key>CLANG_ENABLE_MODULES</key>
				<string>YES</string>
				<key>CLANG_ENABLE_OBJC_ARC</key>
				<string>YES</string>
				<key>CLANG_WARN_BOOL_CONVERSION</key>
				<string>YES</string>
				<key>CLANG_WARN_CONSTANT_CONVERSION</key>
				<string>YES</string>
				<key>CLANG_WARN_DIRECT_OBJC_ISA_USAGE</key>
				<string>YES_ERROR</string>
				<key>CLANG_WARN_EMPTY_BODY</key>
				<string>YES</string>
				<key>CLANG_WARN_ENUM_CONVERSION</key>
				<string>YES</string>
				<key>CLANG_WARN_INT_CONVERSION</key>
				<string>YES</string>
				<key>CLANG_WARN_OBJC_ROOT_CLASS</key>
				<string>YES_ERROR</string>
				<key>CLANG_WARN__DUPLICATE_METHOD_MATCH</key>
				<string>YES</string>
				<key>CODE_SIGN_IDENTITY[sdk=iphoneos*]</key>
				<string>iPhone Developer</string>
				<key>COPY_PHASE_STRIP</key>
				<string>YES</string>
				<key>ENABLE_NS_ASSERTIONS</key>
				<string>NO</string>
				<key>GCC_C_LANGUAGE_STANDARD</key>
				<string>gnu99</string>
				<key>GCC_WARN_64_TO_32_BIT_CONVERSION</key>
				<string>YES</string>
				<key>GCC_WARN_ABOUT_RETURN_TYPE</key>
				<string>YES_ERROR</string>
				<key>GCC_WARN_UNDECLARED_SELECTOR</key>
				<string>YES</string>
				<key>GCC_WARN_UNINITIALIZED_AUTOS</key>
				<string>YES_AGGRESSIVE</string>
				<key>GCC_WARN_UNUSED_FUNCTION</key>
				<string>YES</string>
				<key>GCC_WARN_UNUSED_VARIABLE</key>
				<string>YES</string>
				<key>IPHONEOS_DEPLOYMENT_TARGET</key>
				<string>7.1</string>
				<key>SDKROOT</key>
				<string>iphoneos</string>
				<key>VALIDATE_PRODUCT</key>
				<string>YES</string>
			</dict>
			<key>isa</key>
			<string>XCBuildConfiguration</string>
			<key>name</key>
			<string>Release</string>
		</dict>
		<key>EC5DCCE119A9A0D30069D64C</key>
		<dict>
			<key>buildConfigurations</key>
			<array>
				<string>EC5DCCE219A9A0D30069D64C</string>
				<string>EC5DCCE319A9A0D30069D64C</string>
			</array>
			<key>defaultConfigurationIsVisible</key>
			<string>0</string>
			<key>isa</key>
			<string>XCConfigurationList</string>
		</dict>
		<key>EC5DCCE219A9A0D30069D64C</key>
		<dict>
			<key>baseConfigurationReference</key>
			<string>76482EE419AB4FB18129CA48</string>
			<key>buildSettings</key>
			<dict>
				<key>ASSETCATALOG_COMPILER_APPICON_NAME</key>
				<string>AppIcon</string>
				<key>ASSETCATALOG_COMPILER_LAUNCHIMAGE_NAME</key>
				<string>LaunchImage</string>
				<key>GCC_PRECOMPILE_PREFIX_HEADER</key>
				<string>YES</string>
				<key>GCC_PREFIX_HEADER</key>
				<string>MyCacheTest/MyCacheTest-Prefix.pch</string>
				<key>INFOPLIST_FILE</key>
				<string>MyCacheTest/MyCacheTest-Info.plist</string>
				<key>PRODUCT_NAME</key>
				<string>$(TARGET_NAME)</string>
				<key>WRAPPER_EXTENSION</key>
				<string>app</string>
			</dict>
			<key>isa</key>
			<string>XCBuildConfiguration</string>
			<key>name</key>
			<string>Debug</string>
		</dict>
		<key>EC5DCCE319A9A0D30069D64C</key>
		<dict>
			<key>baseConfigurationReference</key>
			<string>76482EE419AB4FB18129CA48</string>
			<key>buildSettings</key>
			<dict>
				<key>ASSETCATALOG_COMPILER_APPICON_NAME</key>
				<string>AppIcon</string>
				<key>ASSETCATALOG_COMPILER_LAUNCHIMAGE_NAME</key>
				<string>LaunchImage</string>
				<key>GCC_PRECOMPILE_PREFIX_HEADER</key>
				<string>YES</string>
				<key>GCC_PREFIX_HEADER</key>
				<string>MyCacheTest/MyCacheTest-Prefix.pch</string>
				<key>INFOPLIST_FILE</key>
				<string>MyCacheTest/MyCacheTest-Info.plist</string>
				<key>PRODUCT_NAME</key>
				<string>$(TARGET_NAME)</string>
				<key>WRAPPER_EXTENSION</key>
				<string>app</string>
			</dict>
			<key>isa</key>
			<string>XCBuildConfiguration</string>
			<key>name</key>
			<string>Release</string>
		</dict>
		<key>EC5DCCE419A9A0D30069D64C</key>
		<dict>
			<key>buildConfigurations</key>
			<array>
				<string>EC5DCCE519A9A0D30069D64C</string>
				<string>EC5DCCE619A9A0D30069D64C</string>
			</array>
			<key>defaultConfigurationIsVisible</key>
			<string>0</string>
			<key>isa</key>
			<string>XCConfigurationList</string>
		</dict>
		<key>EC5DCCE519A9A0D30069D64C</key>
		<dict>
			<key>buildSettings</key>
			<dict>
				<key>BUNDLE_LOADER</key>
				<string>$(BUILT_PRODUCTS_DIR)/MyCacheTest.app/MyCacheTest</string>
				<key>FRAMEWORK_SEARCH_PATHS</key>
				<array>
					<string>$(SDKROOT)/Developer/Library/Frameworks</string>
					<string>$(inherited)</string>
					<string>$(DEVELOPER_FRAMEWORKS_DIR)</string>
				</array>
				<key>GCC_PRECOMPILE_PREFIX_HEADER</key>
				<string>YES</string>
				<key>GCC_PREFIX_HEADER</key>
				<string>MyCacheTest/MyCacheTest-Prefix.pch</string>
				<key>GCC_PREPROCESSOR_DEFINITIONS</key>
				<array>
					<string>DEBUG=1</string>
					<string>$(inherited)</string>
				</array>
				<key>INFOPLIST_FILE</key>
				<string>MyCacheTestTests/MyCacheTestTests-Info.plist</string>
				<key>PRODUCT_NAME</key>
				<string>$(TARGET_NAME)</string>
				<key>TEST_HOST</key>
				<string>$(BUNDLE_LOADER)</string>
				<key>WRAPPER_EXTENSION</key>
				<string>xctest</string>
			</dict>
			<key>isa</key>
			<string>XCBuildConfiguration</string>
			<key>name</key>
			<string>Debug</string>
		</dict>
		<key>EC5DCCE619A9A0D30069D64C</key>
		<dict>
			<key>buildSettings</key>
			<dict>
				<key>BUNDLE_LOADER</key>
				<string>$(BUILT_PRODUCTS_DIR)/MyCacheTest.app/MyCacheTest</string>
				<key>FRAMEWORK_SEARCH_PATHS</key>
				<array>
					<string>$(SDKROOT)/Developer/Library/Frameworks</string>
					<string>$(inherited)</string>
					<string>$(DEVELOPER_FRAMEWORKS_DIR)</string>
				</array>
				<key>GCC_PRECOMPILE_PREFIX_HEADER</key>
				<string>YES</string>
				<key>GCC_PREFIX_HEADER</key>
				<string>MyCacheTest/MyCacheTest-Prefix.pch</string>
				<key>INFOPLIST_FILE</key>
				<string>MyCacheTestTests/MyCacheTestTests-Info.plist</string>
				<key>PRODUCT_NAME</key>
				<string>$(TARGET_NAME)</string>
				<key>TEST_HOST</key>
				<string>$(BUNDLE_LOADER)</string>
				<key>WRAPPER_EXTENSION</key>
				<string>xctest</string>
			</dict>
			<key>isa</key>
			<string>XCBuildConfiguration</string>
			<key>name</key>
			<string>Release</string>
		</dict>
		<key>EC5DCCE719A9A0E80069D64C</key>
		<dict>
			<key>children</key>
			<array>
				<string>EC5DCCE819A9A0E80069D64C</string>
				<string>EC5DCCE919A9A0E80069D64C</string>
				<string>EC5DCCEA19A9A0E80069D64C</string>
				<string>EC5DCCEB19A9A0E80069D64C</string>
			</array>
			<key>isa</key>
			<string>PBXGroup</string>
			<key>path</key>
			<string>API</string>
			<key>sourceTree</key>
			<string>&lt;group&gt;</string>
		</dict>
		<key>EC5DCCE819A9A0E80069D64C</key>
		<dict>
			<key>fileEncoding</key>
			<string>4</string>
			<key>isa</key>
			<string>PBXFileReference</string>
			<key>lastKnownFileType</key>
			<string>sourcecode.c.h</string>
			<key>path</key>
			<string>NetworkManager.h</string>
			<key>sourceTree</key>
			<string>&lt;group&gt;</string>
		</dict>
		<key>EC5DCCE919A9A0E80069D64C</key>
		<dict>
			<key>fileEncoding</key>
			<string>4</string>
			<key>isa</key>
			<string>PBXFileReference</string>
			<key>lastKnownFileType</key>
			<string>sourcecode.c.objc</string>
			<key>path</key>
			<string>NetworkManager.m</string>
			<key>sourceTree</key>
			<string>&lt;group&gt;</string>
		</dict>
		<key>EC5DCCEA19A9A0E80069D64C</key>
		<dict>
			<key>fileEncoding</key>
			<string>4</string>
			<key>isa</key>
			<string>PBXFileReference</string>
			<key>lastKnownFileType</key>
			<string>sourcecode.c.h</string>
			<key>path</key>
			<string>ServerAPI.h</string>
			<key>sourceTree</key>
			<string>&lt;group&gt;</string>
		</dict>
		<key>EC5DCCEB19A9A0E80069D64C</key>
		<dict>
			<key>fileEncoding</key>
			<string>4</string>
			<key>isa</key>
			<string>PBXFileReference</string>
			<key>lastKnownFileType</key>
			<string>sourcecode.c.objc</string>
			<key>path</key>
			<string>ServerAPI.m</string>
			<key>sourceTree</key>
			<string>&lt;group&gt;</string>
		</dict>
		<key>EC5DCCEC19A9A0E80069D64C</key>
		<dict>
			<key>children</key>
			<array>
				<string>EC5DCCED19A9A0E80069D64C</string>
				<string>EC5DCCEE19A9A0E80069D64C</string>
				<string>EC5DCCEF19A9A0E80069D64C</string>
				<string>EC5DCCF019A9A0E80069D64C</string>
			</array>
			<key>isa</key>
			<string>PBXGroup</string>
			<key>path</key>
			<string>Cache</string>
			<key>sourceTree</key>
			<string>&lt;group&gt;</string>
		</dict>
		<key>EC5DCCED19A9A0E80069D64C</key>
		<dict>
			<key>fileEncoding</key>
			<string>4</string>
			<key>isa</key>
			<string>PBXFileReference</string>
			<key>lastKnownFileType</key>
			<string>sourcecode.c.h</string>
			<key>path</key>
			<string>Cache.h</string>
			<key>sourceTree</key>
			<string>&lt;group&gt;</string>
		</dict>
		<key>EC5DCCEE19A9A0E80069D64C</key>
		<dict>
			<key>fileEncoding</key>
			<string>4</string>
			<key>isa</key>
			<string>PBXFileReference</string>
			<key>lastKnownFileType</key>
			<string>sourcecode.c.objc</string>
			<key>path</key>
			<string>Cache.m</string>
			<key>sourceTree</key>
			<string>&lt;group&gt;</string>
		</dict>
		<key>EC5DCCEF19A9A0E80069D64C</key>
		<dict>
			<key>fileEncoding</key>
			<string>4</string>
			<key>isa</key>
			<string>PBXFileReference</string>
			<key>lastKnownFileType</key>
			<string>sourcecode.c.h</string>
			<key>path</key>
			<string>CacheManager.h</string>
			<key>sourceTree</key>
			<string>&lt;group&gt;</string>
		</dict>
		<key>EC5DCCF019A9A0E80069D64C</key>
		<dict>
			<key>fileEncoding</key>
			<string>4</string>
			<key>isa</key>
			<string>PBXFileReference</string>
			<key>lastKnownFileType</key>
			<string>sourcecode.c.objc</string>
			<key>path</key>
			<string>CacheManager.m</string>
			<key>sourceTree</key>
			<string>&lt;group&gt;</string>
		</dict>
		<key>EC5DCCF119A9A0E80069D64C</key>
		<dict>
			<key>fileRef</key>
			<string>EC5DCCE919A9A0E80069D64C</string>
			<key>isa</key>
			<string>PBXBuildFile</string>
		</dict>
		<key>EC5DCCF219A9A0E80069D64C</key>
		<dict>
			<key>fileRef</key>
			<string>EC5DCCEB19A9A0E80069D64C</string>
			<key>isa</key>
			<string>PBXBuildFile</string>
		</dict>
		<key>EC5DCCF319A9A0E80069D64C</key>
		<dict>
			<key>fileRef</key>
			<string>EC5DCCEE19A9A0E80069D64C</string>
			<key>isa</key>
			<string>PBXBuildFile</string>
		</dict>
		<key>EC5DCCF419A9A0E80069D64C</key>
		<dict>
			<key>fileRef</key>
			<string>EC5DCCF019A9A0E80069D64C</string>
			<key>isa</key>
			<string>PBXBuildFile</string>
		</dict>
		<key>FC7E4A281DF74922B6388530</key>
		<dict>
			<key>explicitFileType</key>
			<string>archive.ar</string>
			<key>includeInIndex</key>
			<string>0</string>
			<key>isa</key>
			<string>PBXFileReference</string>
			<key>path</key>
			<string>libPods.a</string>
			<key>sourceTree</key>
			<string>BUILT_PRODUCTS_DIR</string>
		</dict>
	</dict>
	<key>rootObject</key>
	<string>EC5DCCA719A9A0D30069D64C</string>
</dict>
</plist>
